
Microsoft Visual Studio Solution File, Format Version 12.00
# Visual Studio Version 17
VisualStudioVersion = 17.2.32630.192
MinimumVisualStudioVersion = 10.0.40219.1
Project("{FAE04EC0-301F-11D3-BF4B-00C04F79EFBC}") = "Jednoduchá Kalkulačka", "Jednoduchá Kalkulačka.csproj", "{4C9F10AA-5AA6-4626-8DF0-F3D61FF9E081}"
EndProject
Global
	GlobalSection(SolutionConfigurationPlatforms) = preSolution
		Debug|Any CPU = Debug|Any CPU
		Release|Any CPU = Release|Any CPU
	EndGlobalSection
	GlobalSection(ProjectConfigurationPlatforms) = postSolution
		{4C9F10AA-5AA6-4626-8DF0-F3D61FF9E081}.Debug|Any CPU.ActiveCfg = Debug|Any CPU
		{4C9F10AA-5AA6-4626-8DF0-F3D61FF9E081}.Debug|Any CPU.Build.0 = Debug|Any CPU
		{4C9F10AA-5AA6-4626-8DF0-F3D61FF9E081}.Release|Any CPU.ActiveCfg = Release|Any CPU
		{4C9F10AA-5AA6-4626-8DF0-F3D61FF9E081}.Release|Any CPU.Build.0 = Release|Any CPU
	EndGlobalSection
	GlobalSection(SolutionProperties) = preSolution
		HideSolutionNode = FALSE
	EndGlobalSection
	GlobalSection(ExtensibilityGlobals) = postSolution
		SolutionGuid = {DE4BCA84-57DE-49CE-8599-314D207AFDE7}
	EndGlobalSection
EndGlobal
